
lockfileVersion: 5.4

specifiers:
  '@next/font': 13.1.6
  '@types/node': 18.13.0
  '@types/react': 18.0.28
  '@types/react-dom': 18.0.10
  eslint: 8.34.0
  eslint-config-next: 13.1.6
  next: 13.1.6
  react: 18.2.0
  react-dom: 18.2.0
  tiny-invariant: ^1.3.1
  typescript: 4.9.5
  use-debounce: ^9.0.3

dependencies:
  '@next/font': 13.1.6
  '@types/node': 18.13.0
  '@types/react': 18.0.28
  '@types/react-dom': 18.0.10
  eslint: 8.34.0
  eslint-config-next: 13.1.6_7kw3g6rralp5ps6mg3uyzz6azm
  next: 13.1.6_biqbaboplfbrettd7655fr4n2y
  react: 18.2.0
  react-dom: 18.2.0_react@18.2.0
  tiny-invariant: 1.3.1
  typescript: 4.9.5
  use-debounce: 9.0.3_react@18.2.0

packages:

  /@babel/runtime/7.20.13:
    resolution: {integrity: sha512-gt3PKXs0DBoL9xCvOIIZ2NEqAGZqHjAnmVbfQtB620V0uReIQutpel14KcneZuer7UioY8ALKZ7iocavvzTNFA==}
    engines: {node: '>=6.9.0'}
    dependencies:
      regenerator-runtime: 0.13.11
    dev: false

  /@eslint/eslintrc/1.4.1:
    resolution: {integrity: sha512-XXrH9Uarn0stsyldqDYq8r++mROmWRI1xKMXa640Bb//SY1+ECYX6VzT6Lcx5frD0V30XieqJ0oX9I2Xj5aoMA==}
    engines: {node: ^12.22.0 || ^14.17.0 || >=16.0.0}
    dependencies:
      ajv: 6.12.6
      debug: 4.3.4
      espree: 9.4.1
      globals: 13.20.0
      ignore: 5.2.4
      import-fresh: 3.3.0
      js-yaml: 4.1.0
      minimatch: 3.1.2
      strip-json-comments: 3.1.1
    transitivePeerDependencies:
      - supports-color
    dev: false

  /@humanwhocodes/config-array/0.11.8:
    resolution: {integrity: sha512-UybHIJzJnR5Qc/MsD9Kr+RpO2h+/P1GhOwdiLPXK5TWk5sgTdu88bTD9UP+CKbPPh5Rni1u0GjAdYQLemG8g+g==}
    engines: {node: '>=10.10.0'}
    dependencies:
      '@humanwhocodes/object-schema': 1.2.1
      debug: 4.3.4
      minimatch: 3.1.2
    transitivePeerDependencies:
      - supports-color
    dev: false

  /@humanwhocodes/module-importer/1.0.1:
    resolution: {integrity: sha512-bxveV4V8v5Yb4ncFTT3rPSgZBOpCkjfK0y4oVVVJwIuDVBRMDXrPyXRL988i5ap9m9bnyEEjWfm5WkBmtffLfA==}
    engines: {node: '>=12.22'}
    dev: false

  /@humanwhocodes/object-schema/1.2.1:
    resolution: {integrity: sha512-ZnQMnLV4e7hDlUvw8H+U8ASL02SS2Gn6+9Ac3wGGLIe7+je2AeAOxPY+izIPJDfFDb7eDjev0Us8MO1iFRN8hA==}
    dev: false

  /@next/env/13.1.6:
    resolution: {integrity: sha512-s+W9Fdqh5MFk6ECrbnVmmAOwxKQuhGMT7xXHrkYIBMBcTiOqNWhv5KbJIboKR5STXxNXl32hllnvKaffzFaWQg==}
    dev: false

  /@next/eslint-plugin-next/13.1.6:
    resolution: {integrity: sha512-o7cauUYsXjzSJkay8wKjpKJf2uLzlggCsGUkPu3lP09Pv97jYlekTC20KJrjQKmSv5DXV0R/uks2ZXhqjNkqAw==}
    dependencies:
      glob: 7.1.7
    dev: false

  /@next/font/13.1.6:
    resolution: {integrity: sha512-AITjmeb1RgX1HKMCiA39ztx2mxeAyxl4ljv2UoSBUGAbFFMg8MO7YAvjHCgFhD39hL7YTbFjol04e/BPBH5RzQ==}
    dev: false

  /@next/swc-android-arm-eabi/13.1.6:
    resolution: {integrity: sha512-F3/6Z8LH/pGlPzR1AcjPFxx35mPqjE5xZcf+IL+KgbW9tMkp7CYi1y7qKrEWU7W4AumxX/8OINnDQWLiwLasLQ==}
    engines: {node: '>= 10'}
    cpu: [arm]
    os: [android]
    requiresBuild: true
    dev: false
    optional: true

  /@next/swc-android-arm64/13.1.6:
    resolution: {integrity: sha512-cMwQjnB8vrYkWyK/H0Rf2c2pKIH4RGjpKUDvbjVAit6SbwPDpmaijLio0LWFV3/tOnY6kvzbL62lndVA0mkYpw==}
    engines: {node: '>= 10'}
    cpu: [arm64]
    os: [android]
    requiresBuild: true
    dev: false
    optional: true

  /@next/swc-darwin-arm64/13.1.6:
    resolution: {integrity: sha512-KKRQH4DDE4kONXCvFMNBZGDb499Hs+xcFAwvj+rfSUssIDrZOlyfJNy55rH5t2Qxed1e4K80KEJgsxKQN1/fyw==}
    engines: {node: '>= 10'}
    cpu: [arm64]
    os: [darwin]
    requiresBuild: true
    dev: false
    optional: true

  /@next/swc-darwin-x64/13.1.6:
    resolution: {integrity: sha512-/uOky5PaZDoaU99ohjtNcDTJ6ks/gZ5ykTQDvNZDjIoCxFe3+t06bxsTPY6tAO6uEAw5f6vVFX5H5KLwhrkZCA==}
    engines: {node: '>= 10'}
    cpu: [x64]
    os: [darwin]
    requiresBuild: true
    dev: false
    optional: true

  /@next/swc-freebsd-x64/13.1.6:
    resolution: {integrity: sha512-qaEALZeV7to6weSXk3Br80wtFQ7cFTpos/q+m9XVRFggu+8Ib895XhMWdJBzew6aaOcMvYR6KQ6JmHA2/eMzWw==}
    engines: {node: '>= 10'}
    cpu: [x64]
    os: [freebsd]
    requiresBuild: true
    dev: false
    optional: true

  /@next/swc-linux-arm-gnueabihf/13.1.6:
    resolution: {integrity: sha512-OybkbC58A1wJ+JrJSOjGDvZzrVEQA4sprJejGqMwiZyLqhr9Eo8FXF0y6HL+m1CPCpPhXEHz/2xKoYsl16kNqw==}
    engines: {node: '>= 10'}
    cpu: [arm]
    os: [linux]
    requiresBuild: true
    dev: false
    optional: true

  /@next/swc-linux-arm64-gnu/13.1.6:
    resolution: {integrity: sha512-yCH+yDr7/4FDuWv6+GiYrPI9kcTAO3y48UmaIbrKy8ZJpi7RehJe3vIBRUmLrLaNDH3rY1rwoHi471NvR5J5NQ==}
    engines: {node: '>= 10'}
    cpu: [arm64]
    os: [linux]
    requiresBuild: true
    dev: false
    optional: true

  /@next/swc-linux-arm64-musl/13.1.6:
    resolution: {integrity: sha512-ECagB8LGX25P9Mrmlc7Q/TQBb9rGScxHbv/kLqqIWs2fIXy6Y/EiBBiM72NTwuXUFCNrWR4sjUPSooVBJJ3ESQ==}
    engines: {node: '>= 10'}
    cpu: [arm64]
    os: [linux]
    requiresBuild: true
    dev: false
    optional: true

  /@next/swc-linux-x64-gnu/13.1.6:
    resolution: {integrity: sha512-GT5w2mruk90V/I5g6ScuueE7fqj/d8Bui2qxdw6lFxmuTgMeol5rnzAv4uAoVQgClOUO/MULilzlODg9Ib3Y4Q==}
    engines: {node: '>= 10'}
    cpu: [x64]
    os: [linux]
    requiresBuild: true
    dev: false
    optional: true

  /@next/swc-linux-x64-musl/13.1.6:
    resolution: {integrity: sha512-keFD6KvwOPzmat4TCnlnuxJCQepPN+8j3Nw876FtULxo8005Y9Ghcl7ACcR8GoiKoddAq8gxNBrpjoxjQRHeAQ==}
    engines: {node: '>= 10'}
    cpu: [x64]
    os: [linux]
    requiresBuild: true
    dev: false
    optional: true

  /@next/swc-win32-arm64-msvc/13.1.6:
    resolution: {integrity: sha512-OwertslIiGQluFvHyRDzBCIB07qJjqabAmINlXUYt7/sY7Q7QPE8xVi5beBxX/rxTGPIbtyIe3faBE6Z2KywhQ==}
    engines: {node: '>= 10'}
    cpu: [arm64]
    os: [win32]
    requiresBuild: true
    dev: false
    optional: true

  /@next/swc-win32-ia32-msvc/13.1.6:
    resolution: {integrity: sha512-g8zowiuP8FxUR9zslPmlju7qYbs2XBtTLVSxVikPtUDQedhcls39uKYLvOOd1JZg0ehyhopobRoH1q+MHlIN/w==}
    engines: {node: '>= 10'}
    cpu: [ia32]
    os: [win32]
    requiresBuild: true
    dev: false
    optional: true

  /@next/swc-win32-x64-msvc/13.1.6:
    resolution: {integrity: sha512-Ls2OL9hi3YlJKGNdKv8k3X/lLgc3VmLG3a/DeTkAd+lAituJp8ZHmRmm9f9SL84fT3CotlzcgbdaCDfFwFA6bA==}
    engines: {node: '>= 10'}
    cpu: [x64]
    os: [win32]
    requiresBuild: true
    dev: false
    optional: true

  /@nodelib/fs.scandir/2.1.5:
    resolution: {integrity: sha512-vq24Bq3ym5HEQm2NKCr3yXDwjc7vTsEThRDnkp2DK9p1uqLR+DHurm/NOTo0KG7HYHU7eppKZj3MyqYuMBf62g==}
    engines: {node: '>= 8'}
    dependencies:
      '@nodelib/fs.stat': 2.0.5
      run-parallel: 1.2.0
    dev: false

  /@nodelib/fs.stat/2.0.5:
    resolution: {integrity: sha512-RkhPPp2zrqDAQA/2jNhnztcPAlv64XdhIp7a7454A5ovI7Bukxgt7MX7udwAu3zg1DcpPU0rz3VV1SeaqvY4+A==}
    engines: {node: '>= 8'}
    dev: false

  /@nodelib/fs.walk/1.2.8:
    resolution: {integrity: sha512-oGB+UxlgWcgQkgwo8GcEGwemoTFt3FIO9ababBmaGwXIoBKZ+GTy0pP185beGg7Llih/NSHSV2XAs1lnznocSg==}
    engines: {node: '>= 8'}
    dependencies:
      '@nodelib/fs.scandir': 2.1.5
      fastq: 1.15.0
    dev: false

  /@pkgr/utils/2.3.1:
    resolution: {integrity: sha512-wfzX8kc1PMyUILA+1Z/EqoE4UCXGy0iRGMhPwdfae1+f0OXlLqCk+By+aMzgJBzR9AzS4CDizioG6Ss1gvAFJw==}
    engines: {node: ^12.20.0 || ^14.18.0 || >=16.0.0}
    dependencies:
      cross-spawn: 7.0.3
      is-glob: 4.0.3
      open: 8.4.1
      picocolors: 1.0.0
      tiny-glob: 0.2.9
      tslib: 2.5.0
    dev: false

  /@rushstack/eslint-patch/1.2.0:
    resolution: {integrity: sha512-sXo/qW2/pAcmT43VoRKOJbDOfV3cYpq3szSVfIThQXNt+E4DfKj361vaAt3c88U5tPUxzEswam7GW48PJqtKAg==}
    dev: false

  /@swc/helpers/0.4.14:
    resolution: {integrity: sha512-4C7nX/dvpzB7za4Ql9K81xK3HPxCpHMgwTZVyf+9JQ6VUbn9jjZVN7/Nkdz/Ugzs2CSjqnL/UPXroiVBVHUWUw==}
    dependencies:
      tslib: 2.5.0
    dev: false

  /@types/json5/0.0.29:
    resolution: {integrity: sha512-dRLjCWHYg4oaA77cxO64oO+7JwCwnIzkZPdrrC71jQmQtlhM556pwKo5bUzqvZndkVbeFLIIi+9TC40JNF5hNQ==}
    dev: false

  /@types/node/18.13.0:
    resolution: {integrity: sha512-gC3TazRzGoOnoKAhUx+Q0t8S9Tzs74z7m0ipwGpSqQrleP14hKxP4/JUeEQcD3W1/aIpnWl8pHowI7WokuZpXg==}
    dev: false

  /@types/prop-types/15.7.5:
    resolution: {integrity: sha512-JCB8C6SnDoQf0cNycqd/35A7MjcnK+ZTqE7judS6o7utxUCg6imJg3QK2qzHKszlTjcj2cn+NwMB2i96ubpj7w==}
    dev: false

  /@types/react-dom/18.0.10:
    resolution: {integrity: sha512-E42GW/JA4Qv15wQdqJq8DL4JhNpB3prJgjgapN3qJT9K2zO5IIAQh4VXvCEDupoqAwnz0cY4RlXeC/ajX5SFHg==}
    dependencies:
      '@types/react': 18.0.28
    dev: false

  /@types/react/18.0.28:
    resolution: {integrity: sha512-RD0ivG1kEztNBdoAK7lekI9M+azSnitIn85h4iOiaLjaTrMjzslhaqCGaI4IyCJ1RljWiLCEu4jyrLLgqxBTew==}
    dependencies:
      '@types/prop-types': 15.7.5
      '@types/scheduler': 0.16.2
      csstype: 3.1.1
    dev: false

  /@types/scheduler/0.16.2:
    resolution: {integrity: sha512-hppQEBDmlwhFAXKJX2KnWLYu5yMfi91yazPb2l+lbJiwW+wdo1gNeRA+3RgNSO39WYX2euey41KEwnqesU2Jew==}
    dev: false

  /@typescript-eslint/parser/5.51.0_7kw3g6rralp5ps6mg3uyzz6azm:
    resolution: {integrity: sha512-fEV0R9gGmfpDeRzJXn+fGQKcl0inIeYobmmUWijZh9zA7bxJ8clPhV9up2ZQzATxAiFAECqPQyMDB4o4B81AaA==}
    engines: {node: ^12.22.0 || ^14.17.0 || >=16.0.0}
    peerDependencies:
      eslint: ^6.0.0 || ^7.0.0 || ^8.0.0
      typescript: '*'
    peerDependenciesMeta:
      typescript:
        optional: true
    dependencies:
      '@typescript-eslint/scope-manager': 5.51.0
      '@typescript-eslint/types': 5.51.0
      '@typescript-eslint/typescript-estree': 5.51.0_typescript@4.9.5
      debug: 4.3.4
      eslint: 8.34.0
      typescript: 4.9.5
    transitivePeerDependencies:
      - supports-color
    dev: false

  /@typescript-eslint/scope-manager/5.51.0:
    resolution: {integrity: sha512-gNpxRdlx5qw3yaHA0SFuTjW4rxeYhpHxt491PEcKF8Z6zpq0kMhe0Tolxt0qjlojS+/wArSDlj/LtE69xUJphQ==}
    engines: {node: ^12.22.0 || ^14.17.0 || >=16.0.0}
    dependencies:
      '@typescript-eslint/types': 5.51.0
      '@typescript-eslint/visitor-keys': 5.51.0
    dev: false

  /@typescript-eslint/types/5.51.0:
    resolution: {integrity: sha512-SqOn0ANn/v6hFn0kjvLwiDi4AzR++CBZz0NV5AnusT2/3y32jdc0G4woXPWHCumWtUXZKPAS27/9vziSsC9jnw==}
    engines: {node: ^12.22.0 || ^14.17.0 || >=16.0.0}
    dev: false

  /@typescript-eslint/typescript-estree/5.51.0_typescript@4.9.5:
    resolution: {integrity: sha512-TSkNupHvNRkoH9FMA3w7TazVFcBPveAAmb7Sz+kArY6sLT86PA5Vx80cKlYmd8m3Ha2SwofM1KwraF24lM9FvA==}
    engines: {node: ^12.22.0 || ^14.17.0 || >=16.0.0}
    peerDependencies:
      typescript: '*'
    peerDependenciesMeta:
      typescript:
        optional: true
    dependencies:
      '@typescript-eslint/types': 5.51.0
      '@typescript-eslint/visitor-keys': 5.51.0
      debug: 4.3.4
      globby: 11.1.0
      is-glob: 4.0.3
      semver: 7.3.8
      tsutils: 3.21.0_typescript@4.9.5
      typescript: 4.9.5
    transitivePeerDependencies:
      - supports-color
    dev: false

  /@typescript-eslint/visitor-keys/5.51.0:
    resolution: {integrity: sha512-Oh2+eTdjHjOFjKA27sxESlA87YPSOJafGCR0md5oeMdh1ZcCfAGCIOL216uTBAkAIptvLIfKQhl7lHxMJet4GQ==}
    engines: {node: ^12.22.0 || ^14.17.0 || >=16.0.0}
    dependencies:
      '@typescript-eslint/types': 5.51.0
      eslint-visitor-keys: 3.3.0
    dev: false

  /acorn-jsx/5.3.2_acorn@8.8.2:
    resolution: {integrity: sha512-rq9s+JNhf0IChjtDXxllJ7g41oZk5SlXtp0LHwyA5cejwn7vKmKp4pPri6YEePv2PU65sAsegbXtIinmDFDXgQ==}
    peerDependencies:
      acorn: ^6.0.0 || ^7.0.0 || ^8.0.0
    dependencies:
      acorn: 8.8.2
    dev: false

  /acorn/8.8.2:
    resolution: {integrity: sha512-xjIYgE8HBrkpd/sJqOGNspf8uHG+NOHGOw6a/Urj8taM2EXfdNAH2oFcPeIFfsv3+kz/mJrS5VuMqbNLjCa2vw==}
    engines: {node: '>=0.4.0'}
    hasBin: true
    dev: false

  /ajv/6.12.6:
    resolution: {integrity: sha512-j3fVLgvTo527anyYyJOGTYJbG+vnnQYvE0m5mmkc1TK+nxAppkCLMIL0aZ4dblVCNoGShhm+kzE4ZUykBoMg4g==}
    dependencies:
      fast-deep-equal: 3.1.3
      fast-json-stable-stringify: 2.1.0
      json-schema-traverse: 0.4.1
      uri-js: 4.4.1
    dev: false

  /ansi-regex/5.0.1:
    resolution: {integrity: sha512-quJQXlTSUGL2LH9SUXo8VwsY4soanhgo6LNSm84E1LBcE8s3O0wpdiRzyR9z/ZZJMlMWv37qOOb9pdJlMUEKFQ==}
    engines: {node: '>=8'}
    dev: false

  /ansi-styles/4.3.0:
    resolution: {integrity: sha512-zbB9rCJAT1rbjiVDb2hqKFHNYLxgtk8NURxZ3IZwD3F6NtxbXZQCnnSi1Lkx+IDohdPlFp222wVALIheZJQSEg==}
    engines: {node: '>=8'}
    dependencies:
      color-convert: 2.0.1
    dev: false

  /argparse/2.0.1:
    resolution: {integrity: sha512-8+9WqebbFzpX9OR+Wa6O29asIogeRMzcGtAINdpMHHyAg10f05aSFVBbcEqGf/PXw1EjAZ+q2/bEBg3DvurK3Q==}
    dev: false

  /aria-query/5.1.3:
    resolution: {integrity: sha512-R5iJ5lkuHybztUfuOAznmboyjWq8O6sqNqtK7CLOqdydi54VNbORp49mb14KbWgG1QD3JFO9hJdZ+y4KutfdOQ==}
    dependencies:
      deep-equal: 2.2.0
    dev: false

  /array-includes/3.1.6:
    resolution: {integrity: sha512-sgTbLvL6cNnw24FnbaDyjmvddQ2ML8arZsgaJhoABMoplz/4QRhtrYS+alr1BUM1Bwp6dhx8vVCBSLG+StwOFw==}
    engines: {node: '>= 0.4'}
    dependencies:
      call-bind: 1.0.2
      define-properties: 1.2.0
      es-abstract: 1.21.1
      get-intrinsic: 1.2.0
      is-string: 1.0.7
    dev: false

  /array-union/2.1.0:
    resolution: {integrity: sha512-HGyxoOTYUyCM6stUe6EJgnd4EoewAI7zMdfqO+kGjnlZmBDz/cR5pf8r/cR4Wq60sL/p0IkcjUEEPwS3GFrIyw==}
    engines: {node: '>=8'}
    dev: false

  /array.prototype.flat/1.3.1:
    resolution: {integrity: sha512-roTU0KWIOmJ4DRLmwKd19Otg0/mT3qPNt0Qb3GWW8iObuZXxrjB/pzn0R3hqpRSWg4HCwqx+0vwOnWnvlOyeIA==}
    engines: {node: '>= 0.4'}
    dependencies:
      call-bind: 1.0.2
      define-properties: 1.2.0
      es-abstract: 1.21.1
      es-shim-unscopables: 1.0.0
    dev: false

  /array.prototype.flatmap/1.3.1:
    resolution: {integrity: sha512-8UGn9O1FDVvMNB0UlLv4voxRMze7+FpHyF5mSMRjWHUMlpoDViniy05870VlxhfgTnLbpuwTzvD76MTtWxB/mQ==}
    engines: {node: '>= 0.4'}
    dependencies:
      call-bind: 1.0.2
      define-properties: 1.2.0
      es-abstract: 1.21.1
      es-shim-unscopables: 1.0.0
    dev: false

  /array.prototype.tosorted/1.1.1:
    resolution: {integrity: sha512-pZYPXPRl2PqWcsUs6LOMn+1f1532nEoPTYowBtqLwAW+W8vSVhkIGnmOX1t/UQjD6YGI0vcD2B1U7ZFGQH9jnQ==}
    dependencies:
      call-bind: 1.0.2
      define-properties: 1.2.0
      es-abstract: 1.21.1
      es-shim-unscopables: 1.0.0
      get-intrinsic: 1.2.0
    dev: false

  /ast-types-flow/0.0.7:
    resolution: {integrity: sha512-eBvWn1lvIApYMhzQMsu9ciLfkBY499mFZlNqG+/9WR7PVlroQw0vG30cOQQbaKz3sCEc44TAOu2ykzqXSNnwag==}
    dev: false

  /available-typed-arrays/1.0.5:
    resolution: {integrity: sha512-DMD0KiN46eipeziST1LPP/STfDU0sufISXmjSgvVsoU2tqxctQeASejWcfNtxYKqETM1UxQ8sp2OrSBWpHY6sw==}
    engines: {node: '>= 0.4'}
    dev: false

  /axe-core/4.6.3:
    resolution: {integrity: sha512-/BQzOX780JhsxDnPpH4ZiyrJAzcd8AfzFPkv+89veFSr1rcMjuq2JDCwypKaPeB6ljHp9KjXhPpjgCvQlWYuqg==}
    engines: {node: '>=4'}
    dev: false

  /axobject-query/3.1.1:
    resolution: {integrity: sha512-goKlv8DZrK9hUh975fnHzhNIO4jUnFCfv/dszV5VwUGDFjI6vQ2VwoyjYjYNEbBE8AH87TduWP5uyDR1D+Iteg==}
    dependencies:
      deep-equal: 2.2.0
    dev: false

  /balanced-match/1.0.2:
    resolution: {integrity: sha512-3oSeUO0TMV67hN1AmbXsK4yaqU7tjiHlbxRDZOpH0KW9+CeX4bRAaX0Anxt0tx2MrpRpWwQaPwIlISEJhYU5Pw==}
    dev: false

  /brace-expansion/1.1.11:
    resolution: {integrity: sha512-iCuPHDFgrHX7H2vEI/5xpz07zSHB00TpugqhmYtVmMO6518mCuRMoOYFldEBl0g187ufozdaHgWKcYFb61qGiA==}
    dependencies:
      balanced-match: 1.0.2
      concat-map: 0.0.1
    dev: false

  /braces/3.0.2:
    resolution: {integrity: sha512-b8um+L1RzM3WDSzvhm6gIz1yfTbBt6YTlcEKAvsmqCZZFw46z626lVj9j1yEPW33H5H+lBQpZMP1k8l+78Ha0A==}
    engines: {node: '>=8'}
    dependencies:
      fill-range: 7.0.1
    dev: false

  /call-bind/1.0.2:
    resolution: {integrity: sha512-7O+FbCihrB5WGbFYesctwmTKae6rOiIzmz1icreWJ+0aA7LJfuqhEso2T9ncpcFtzMQtzXf2QGGueWJGTYsqrA==}
    dependencies:
      function-bind: 1.1.1
      get-intrinsic: 1.2.0
    dev: false

  /callsites/3.1.0:
    resolution: {integrity: sha512-P8BjAsXvZS+VIDUI11hHCQEv74YT67YUi5JJFNWIqL235sBmjX4+qx9Muvls5ivyNENctx46xQLQ3aTuE7ssaQ==}
    engines: {node: '>=6'}
    dev: false

  /caniuse-lite/1.0.30001451:
    resolution: {integrity: sha512-XY7UbUpGRatZzoRft//5xOa69/1iGJRBlrieH6QYrkKLIFn3m7OVEJ81dSrKoy2BnKsdbX5cLrOispZNYo9v2w==}
    dev: false

  /chalk/4.1.2:
    resolution: {integrity: sha512-oKnbhFyRIXpUuez8iBMmyEa4nbj4IOQyuhc/wy9kY7/WVPcwIO9VA668Pu8RkO7+0G76SLROeyw9CpQ061i4mA==}
    engines: {node: '>=10'}
    dependencies:
      ansi-styles: 4.3.0
      supports-color: 7.2.0
    dev: false

  /client-only/0.0.1:
    resolution: {integrity: sha512-IV3Ou0jSMzZrd3pZ48nLkT9DA7Ag1pnPzaiQhpW7c3RbcqqzvzzVu+L8gfqMp/8IM2MQtSiqaCxrrcfu8I8rMA==}
    dev: false

  /color-convert/2.0.1:
    resolution: {integrity: sha512-RRECPsj7iu/xb5oKYcsFHSppFNnsj/52OVTRKb4zP5onXwVF3zVmmToNcOfGC+CRDpfK/U584fMg38ZHCaElKQ==}
    engines: {node: '>=7.0.0'}
    dependencies:
      color-name: 1.1.4
    dev: false

  /color-name/1.1.4:
    resolution: {integrity: sha512-dOy+3AuW3a2wNbZHIuMZpTcgjGuLU/uBL/ubcZF9OXbDo8ff4O8yVp5Bf0efS8uEoYo5q4Fx7dY9OgQGXgAsQA==}
    dev: false

  /concat-map/0.0.1:
    resolution: {integrity: sha512-/Srv4dswyQNBfohGpz9o6Yb3Gz3SrUDqBH5rTuhGR7ahtlbYKnVxw2bCFMRljaA7EXHaXZ8wsHdodFvbkhKmqg==}
    dev: false

  /cross-spawn/7.0.3:
    resolution: {integrity: sha512-iRDPJKUPVEND7dHPO8rkbOnPpyDygcDFtWjpeWNCgy8WP2rXcxXL8TskReQl6OrB2G7+UJrags1q15Fudc7G6w==}
    engines: {node: '>= 8'}
    dependencies:
      path-key: 3.1.1
      shebang-command: 2.0.0
      which: 2.0.2
    dev: false

  /csstype/3.1.1:
    resolution: {integrity: sha512-DJR/VvkAvSZW9bTouZue2sSxDwdTN92uHjqeKVm+0dAqdfNykRzQ95tay8aXMBAAPpUiq4Qcug2L7neoRh2Egw==}
    dev: false

  /damerau-levenshtein/1.0.8:
    resolution: {integrity: sha512-sdQSFB7+llfUcQHUQO3+B8ERRj0Oa4w9POWMI/puGtuf7gFywGmkaLCElnudfTiKZV+NvHqL0ifzdrI8Ro7ESA==}
    dev: false

  /debug/3.2.7:
    resolution: {integrity: sha512-CFjzYYAi4ThfiQvizrFQevTTXHtnCqWfe7x1AhgEscTz6ZbLbfoLRLPugTQyBth6f8ZERVUSyWHFD/7Wu4t1XQ==}
    peerDependencies:
      supports-color: '*'
    peerDependenciesMeta:
      supports-color:
        optional: true
    dependencies:
      ms: 2.1.3
    dev: false

  /debug/4.3.4:
    resolution: {integrity: sha512-PRWFHuSU3eDtQJPvnNY7Jcket1j0t5OuOsFzPPzsekD52Zl8qUfFIPEiswXqIvHWGVHOgX+7G/vCNNhehwxfkQ==}
    engines: {node: '>=6.0'}
    peerDependencies:
      supports-color: '*'
    peerDependenciesMeta:
      supports-color:
        optional: true
    dependencies:
      ms: 2.1.2
    dev: false

  /deep-equal/2.2.0:
    resolution: {integrity: sha512-RdpzE0Hv4lhowpIUKKMJfeH6C1pXdtT1/it80ubgWqwI3qpuxUBpC1S4hnHg+zjnuOoDkzUtUCEEkG+XG5l3Mw==}
    dependencies:
      call-bind: 1.0.2
      es-get-iterator: 1.1.3
      get-intrinsic: 1.2.0
      is-arguments: 1.1.1
      is-array-buffer: 3.0.1
      is-date-object: 1.0.5
      is-regex: 1.1.4
      is-shared-array-buffer: 1.0.2
      isarray: 2.0.5
      object-is: 1.1.5
      object-keys: 1.1.1
      object.assign: 4.1.4
      regexp.prototype.flags: 1.4.3
      side-channel: 1.0.4
      which-boxed-primitive: 1.0.2
      which-collection: 1.0.1
      which-typed-array: 1.1.9
    dev: false

  /deep-is/0.1.4:
    resolution: {integrity: sha512-oIPzksmTg4/MriiaYGO+okXDT7ztn/w3Eptv/+gSIdMdKsJo0u4CfYNFJPy+4SKMuCqGw2wxnA+URMg3t8a/bQ==}
    dev: false

  /define-lazy-prop/2.0.0:
    resolution: {integrity: sha512-Ds09qNh8yw3khSjiJjiUInaGX9xlqZDY7JVryGxdxV7NPeuqQfplOpQ66yJFZut3jLa5zOwkXw1g9EI2uKh4Og==}
    engines: {node: '>=8'}
    dev: false

  /define-properties/1.2.0:
    resolution: {integrity: sha512-xvqAVKGfT1+UAvPwKTVw/njhdQ8ZhXK4lI0bCIuCMrp2up9nPnaDftrLtmpTazqd1o+UY4zgzU+avtMbDP+ldA==}
    engines: {node: '>= 0.4'}
    dependencies:
      has-property-descriptors: 1.0.0
      object-keys: 1.1.1
    dev: false

  /dir-glob/3.0.1:
    resolution: {integrity: sha512-WkrWp9GR4KXfKGYzOLmTuGVi1UWFfws377n9cc55/tb6DuqyF6pcQ5AbiHEshaDpY9v6oaSr2XCDidGmMwdzIA==}
    engines: {node: '>=8'}
    dependencies:
      path-type: 4.0.0
    dev: false

  /doctrine/2.1.0:
    resolution: {integrity: sha512-35mSku4ZXK0vfCuHEDAwt55dg2jNajHZ1odvF+8SSr82EsZY4QmXfuWso8oEd8zRhVObSN18aM0CjSdoBX7zIw==}
    engines: {node: '>=0.10.0'}
    dependencies:
      esutils: 2.0.3
    dev: false

  /doctrine/3.0.0:
    resolution: {integrity: sha512-yS+Q5i3hBf7GBkd4KG8a7eBNNWNGLTaEwwYWUijIYM7zrlYDM0BFXHjjPWlWZ1Rg7UaddZeIDmi9jF3HmqiQ2w==}
    engines: {node: '>=6.0.0'}
    dependencies:
      esutils: 2.0.3
    dev: false

  /emoji-regex/9.2.2:
    resolution: {integrity: sha512-L18DaJsXSUk2+42pv8mLs5jJT2hqFkFE4j21wOmgbUqsZ2hL72NsUU785g9RXgo3s0ZNgVl42TiHp3ZtOv/Vyg==}
    dev: false

  /enhanced-resolve/5.12.0:
    resolution: {integrity: sha512-QHTXI/sZQmko1cbDoNAa3mJ5qhWUUNAq3vR0/YiD379fWQrcfuoX1+HW2S0MTt7XmoPLapdaDKUtelUSPic7hQ==}
    engines: {node: '>=10.13.0'}
    dependencies:
      graceful-fs: 4.2.10
      tapable: 2.2.1
    dev: false

  /es-abstract/1.21.1:
    resolution: {integrity: sha512-QudMsPOz86xYz/1dG1OuGBKOELjCh99IIWHLzy5znUB6j8xG2yMA7bfTV86VSqKF+Y/H08vQPR+9jyXpuC6hfg==}
    engines: {node: '>= 0.4'}
    dependencies:
      available-typed-arrays: 1.0.5
      call-bind: 1.0.2
      es-set-tostringtag: 2.0.1
      es-to-primitive: 1.2.1
      function-bind: 1.1.1
      function.prototype.name: 1.1.5
      get-intrinsic: 1.2.0
      get-symbol-description: 1.0.0
      globalthis: 1.0.3
      gopd: 1.0.1
      has: 1.0.3
      has-property-descriptors: 1.0.0
      has-proto: 1.0.1
      has-symbols: 1.0.3
      internal-slot: 1.0.5
      is-array-buffer: 3.0.1
      is-callable: 1.2.7
      is-negative-zero: 2.0.2
      is-regex: 1.1.4
      is-shared-array-buffer: 1.0.2
      is-string: 1.0.7
      is-typed-array: 1.1.10
      is-weakref: 1.0.2
      object-inspect: 1.12.3
      object-keys: 1.1.1
      object.assign: 4.1.4
      regexp.prototype.flags: 1.4.3
      safe-regex-test: 1.0.0
      string.prototype.trimend: 1.0.6
      string.prototype.trimstart: 1.0.6
      typed-array-length: 1.0.4
      unbox-primitive: 1.0.2
      which-typed-array: 1.1.9
    dev: false

  /es-get-iterator/1.1.3:
    resolution: {integrity: sha512-sPZmqHBe6JIiTfN5q2pEi//TwxmAFHwj/XEuYjTuse78i8KxaqMTTzxPoFKuzRpDpTJ+0NAbpfenkmH2rePtuw==}
    dependencies:
      call-bind: 1.0.2
      get-intrinsic: 1.2.0
      has-symbols: 1.0.3
      is-arguments: 1.1.1
      is-map: 2.0.2
      is-set: 2.0.2
      is-string: 1.0.7
      isarray: 2.0.5
      stop-iteration-iterator: 1.0.0
    dev: false

  /es-set-tostringtag/2.0.1:
    resolution: {integrity: sha512-g3OMbtlwY3QewlqAiMLI47KywjWZoEytKr8pf6iTC8uJq5bIAH52Z9pnQ8pVL6whrCto53JZDuUIsifGeLorTg==}
    engines: {node: '>= 0.4'}
    dependencies:
      get-intrinsic: 1.2.0
      has: 1.0.3
      has-tostringtag: 1.0.0
    dev: false

  /es-shim-unscopables/1.0.0:
    resolution: {integrity: sha512-Jm6GPcCdC30eMLbZ2x8z2WuRwAws3zTBBKuusffYVUrNj/GVSUAZ+xKMaUpfNDR5IbyNA5LJbaecoUVbmUcB1w==}
    dependencies:
      has: 1.0.3
    dev: false

  /es-to-primitive/1.2.1:
    resolution: {integrity: sha512-QCOllgZJtaUo9miYBcLChTUaHNjJF3PYs1VidD7AwiEj1kYxKeQTctLAezAOH5ZKRH0g2IgPn6KwB4IT8iRpvA==}
    engines: {node: '>= 0.4'}
    dependencies:
      is-callable: 1.2.7
      is-date-object: 1.0.5
      is-symbol: 1.0.4
    dev: false

  /escape-string-regexp/4.0.0:
    resolution: {integrity: sha512-TtpcNJ3XAzx3Gq8sWRzJaVajRs0uVxA2YAkdb1jm2YkPz4G6egUFAyA3n5vtEIZefPk5Wa4UXbKuS5fKkJWdgA==}
    engines: {node: '>=10'}
    dev: false

  /eslint-config-next/13.1.6_7kw3g6rralp5ps6mg3uyzz6azm:
    resolution: {integrity: sha512-0cg7h5wztg/SoLAlxljZ0ZPUQ7i6QKqRiP4M2+MgTZtxWwNKb2JSwNc18nJ6/kXBI6xYvPraTbQSIhAuVw6czw==}
    peerDependencies:
      eslint: ^7.23.0 || ^8.0.0
      typescript: '>=3.3.1'
    peerDependenciesMeta:
      typescript:
        optional: true
    dependencies:
      '@next/eslint-plugin-next': 13.1.6
      '@rushstack/eslint-patch': 1.2.0
      '@typescript-eslint/parser': 5.51.0_7kw3g6rralp5ps6mg3uyzz6azm
      eslint: 8.34.0
      eslint-import-resolver-node: 0.3.7
      eslint-import-resolver-typescript: 3.5.3_mvgyw3chnqkp6sgfmmtihyjpnm
      eslint-plugin-import: 2.27.5_inmo4nrctlhmfx73hzu6aogupa
      eslint-plugin-jsx-a11y: 6.7.1_eslint@8.34.0
      eslint-plugin-react: 7.32.2_eslint@8.34.0
      eslint-plugin-react-hooks: 4.6.0_eslint@8.34.0
      typescript: 4.9.5
    transitivePeerDependencies:
      - eslint-import-resolver-webpack
      - supports-color
    dev: false

  /eslint-import-resolver-node/0.3.7:
    resolution: {integrity: sha512-gozW2blMLJCeFpBwugLTGyvVjNoeo1knonXAcatC6bjPBZitotxdWf7Gimr25N4c0AAOo4eOUfaG82IJPDpqCA==}
    dependencies:
      debug: 3.2.7
      is-core-module: 2.11.0
      resolve: 1.22.1
    transitivePeerDependencies:
      - supports-color
    dev: false

  /eslint-import-resolver-typescript/3.5.3_mvgyw3chnqkp6sgfmmtihyjpnm:
    resolution: {integrity: sha512-njRcKYBc3isE42LaTcJNVANR3R99H9bAxBDMNDr2W7yq5gYPxbU3MkdhsQukxZ/Xg9C2vcyLlDsbKfRDg0QvCQ==}
    engines: {node: ^14.18.0 || >=16.0.0}
    peerDependencies:
      eslint: '*'
      eslint-plugin-import: '*'
    dependencies:
      debug: 4.3.4
      enhanced-resolve: 5.12.0
      eslint: 8.34.0
      eslint-plugin-import: 2.27.5_inmo4nrctlhmfx73hzu6aogupa
      get-tsconfig: 4.4.0
      globby: 13.1.3
      is-core-module: 2.11.0
      is-glob: 4.0.3
      synckit: 0.8.5
    transitivePeerDependencies:
      - supports-color
    dev: false

  /eslint-module-utils/2.7.4_7d5otxxipfjcaqho6psg7iyp4e:
    resolution: {integrity: sha512-j4GT+rqzCoRKHwURX7pddtIPGySnX9Si/cgMI5ztrcqOPtk5dDEeZ34CQVPphnqkJytlc97Vuk05Um2mJ3gEQA==}
    engines: {node: '>=4'}
    peerDependencies:
      '@typescript-eslint/parser': '*'
      eslint: '*'
      eslint-import-resolver-node: '*'
      eslint-import-resolver-typescript: '*'
      eslint-import-resolver-webpack: '*'
    peerDependenciesMeta:
      '@typescript-eslint/parser':
        optional: true
      eslint:
        optional: true
      eslint-import-resolver-node:
        optional: true
      eslint-import-resolver-typescript:
        optional: true
      eslint-import-resolver-webpack:
        optional: true
    dependencies:
      '@typescript-eslint/parser': 5.51.0_7kw3g6rralp5ps6mg3uyzz6azm
      debug: 3.2.7
      eslint: 8.34.0
      eslint-import-resolver-node: 0.3.7
      eslint-import-resolver-typescript: 3.5.3_mvgyw3chnqkp6sgfmmtihyjpnm
    transitivePeerDependencies:
      - supports-color
    dev: false

  /eslint-plugin-import/2.27.5_inmo4nrctlhmfx73hzu6aogupa:
    resolution: {integrity: sha512-LmEt3GVofgiGuiE+ORpnvP+kAm3h6MLZJ4Q5HCyHADofsb4VzXFsRiWj3c0OFiV+3DWFh0qg3v9gcPlfc3zRow==}
    engines: {node: '>=4'}
    peerDependencies:
      '@typescript-eslint/parser': '*'
      eslint: ^2 || ^3 || ^4 || ^5 || ^6 || ^7.2.0 || ^8
    peerDependenciesMeta:
      '@typescript-eslint/parser':
        optional: true
    dependencies:
      '@typescript-eslint/parser': 5.51.0_7kw3g6rralp5ps6mg3uyzz6azm
      array-includes: 3.1.6
      array.prototype.flat: 1.3.1
      array.prototype.flatmap: 1.3.1
      debug: 3.2.7
      doctrine: 2.1.0
      eslint: 8.34.0
      eslint-import-resolver-node: 0.3.7
      eslint-module-utils: 2.7.4_7d5otxxipfjcaqho6psg7iyp4e
      has: 1.0.3
      is-core-module: 2.11.0
      is-glob: 4.0.3
      minimatch: 3.1.2
      object.values: 1.1.6
      resolve: 1.22.1
      semver: 6.3.0
      tsconfig-paths: 3.14.1
    transitivePeerDependencies:
      - eslint-import-resolver-typescript
      - eslint-import-resolver-webpack
      - supports-color
    dev: false

  /eslint-plugin-jsx-a11y/6.7.1_eslint@8.34.0:
    resolution: {integrity: sha512-63Bog4iIethyo8smBklORknVjB0T2dwB8Mr/hIC+fBS0uyHdYYpzM/Ed+YC8VxTjlXHEWFOdmgwcDn1U2L9VCA==}
    engines: {node: '>=4.0'}
    peerDependencies:
      eslint: ^3 || ^4 || ^5 || ^6 || ^7 || ^8
    dependencies:
      '@babel/runtime': 7.20.13
      aria-query: 5.1.3
      array-includes: 3.1.6
      array.prototype.flatmap: 1.3.1
      ast-types-flow: 0.0.7
      axe-core: 4.6.3
      axobject-query: 3.1.1
      damerau-levenshtein: 1.0.8
      emoji-regex: 9.2.2
      eslint: 8.34.0
      has: 1.0.3
      jsx-ast-utils: 3.3.3
      language-tags: 1.0.5
      minimatch: 3.1.2
      object.entries: 1.1.6
      object.fromentries: 2.0.6
      semver: 6.3.0
    dev: false

  /eslint-plugin-react-hooks/4.6.0_eslint@8.34.0:
    resolution: {integrity: sha512-oFc7Itz9Qxh2x4gNHStv3BqJq54ExXmfC+a1NjAta66IAN87Wu0R/QArgIS9qKzX3dXKPI9H5crl9QchNMY9+g==}
    engines: {node: '>=10'}
    peerDependencies:
      eslint: ^3.0.0 || ^4.0.0 || ^5.0.0 || ^6.0.0 || ^7.0.0 || ^8.0.0-0
    dependencies:
      eslint: 8.34.0
    dev: false

  /eslint-plugin-react/7.32.2_eslint@8.34.0:
    resolution: {integrity: sha512-t2fBMa+XzonrrNkyVirzKlvn5RXzzPwRHtMvLAtVZrt8oxgnTQaYbU6SXTOO1mwQgp1y5+toMSKInnzGr0Knqg==}
    engines: {node: '>=4'}
    peerDependencies:
      eslint: ^3 || ^4 || ^5 || ^6 || ^7 || ^8
    dependencies:
      array-includes: 3.1.6
      array.prototype.flatmap: 1.3.1
      array.prototype.tosorted: 1.1.1
      doctrine: 2.1.0
      eslint: 8.34.0
      estraverse: 5.3.0
      jsx-ast-utils: 3.3.3
      minimatch: 3.1.2
      object.entries: 1.1.6
      object.fromentries: 2.0.6
      object.hasown: 1.1.2