
lockfileVersion: 5.4

specifiers:
  '@next/font': 13.1.6
  '@types/node': 18.13.0
  '@types/react': 18.0.28
  '@types/react-dom': 18.0.10
  eslint: 8.34.0
  eslint-config-next: 13.1.6
  next: 13.1.6
  react: 18.2.0
  react-dom: 18.2.0
  tiny-invariant: ^1.3.1
  typescript: 4.9.5
  use-debounce: ^9.0.3

dependencies:
  '@next/font': 13.1.6
  '@types/node': 18.13.0
  '@types/react': 18.0.28
  '@types/react-dom': 18.0.10
  eslint: 8.34.0
  eslint-config-next: 13.1.6_7kw3g6rralp5ps6mg3uyzz6azm
  next: 13.1.6_biqbaboplfbrettd7655fr4n2y
  react: 18.2.0
  react-dom: 18.2.0_react@18.2.0
  tiny-invariant: 1.3.1
  typescript: 4.9.5
  use-debounce: 9.0.3_react@18.2.0

packages:

  /@babel/runtime/7.20.13:
    resolution: {integrity: sha512-gt3PKXs0DBoL9xCvOIIZ2NEqAGZqHjAnmVbfQtB620V0uReIQutpel14KcneZuer7UioY8ALKZ7iocavvzTNFA==}
    engines: {node: '>=6.9.0'}
    dependencies:
      regenerator-runtime: 0.13.11
    dev: false

  /@eslint/eslintrc/1.4.1:
    resolution: {integrity: sha512-XXrH9Uarn0stsyldqDYq8r++mROmWRI1xKMXa640Bb//SY1+ECYX6VzT6Lcx5frD0V30XieqJ0oX9I2Xj5aoMA==}
    engines: {node: ^12.22.0 || ^14.17.0 || >=16.0.0}
    dependencies:
      ajv: 6.12.6
      debug: 4.3.4
      espree: 9.4.1
      globals: 13.20.0
      ignore: 5.2.4
      import-fresh: 3.3.0
      js-yaml: 4.1.0
      minimatch: 3.1.2
      strip-json-comments: 3.1.1
    transitivePeerDependencies:
      - supports-color
    dev: false

  /@humanwhocodes/config-array/0.11.8:
    resolution: {integrity: sha512-UybHIJzJnR5Qc/MsD9Kr+RpO2h+/P1GhOwdiLPXK5TWk5sgTdu88bTD9UP+CKbPPh5Rni1u0GjAdYQLemG8g+g==}
    engines: {node: '>=10.10.0'}
    dependencies:
      '@humanwhocodes/object-schema': 1.2.1
      debug: 4.3.4
      minimatch: 3.1.2
    transitivePeerDependencies:
      - supports-color
    dev: false

  /@humanwhocodes/module-importer/1.0.1:
    resolution: {integrity: sha512-bxveV4V8v5Yb4ncFTT3rPSgZBOpCkjfK0y4oVVVJwIuDVBRMDXrPyXRL988i5ap9m9bnyEEjWfm5WkBmtffLfA==}